
Microsoft Visual Studio Solution File, Format Version 12.00
# Visual Studio Version 16
VisualStudioVersion = 16.0.32126.315
MinimumVisualStudioVersion = 10.0.40219.1
Project("{8BC9CEB8-8B4A-11D0-8D11-00A0C91BC942}") = "Sandbox", "Sandbox\Sandbox.vcxproj", "{E7FA58EA-CCF7-4DFE-A3AA-A3CDBA82BD86}"
EndProject
Project("{8BC9CEB8-8B4A-11D0-8D11-00A0C91BC942}") = "Semperidem", "Semperidem\Semperidem.vcxproj", "{10203861-F92D-43B7-8946-7C39BA700496}"
EndProject
Global
	GlobalSection(SolutionConfigurationPlatforms) = preSolution
		Debug|x64 = Debug|x64
		Release|x64 = Release|x64
	EndGlobalSection
	GlobalSection(ProjectConfigurationPlatforms) = postSolution
		{10203861-F92D-43B7-8946-7C39BA700496}.Debug|x64.ActiveCfg = Debug|x64
		{10203861-F92D-43B7-8946-7C39BA700496}.Debug|x64.Build.0 = Debug|x64
		{10203861-F92D-43B7-8946-7C39BA700496}.Release|x64.ActiveCfg = Release|x64
		{10203861-F92D-43B7-8946-7C39BA700496}.Release|x64.Build.0 = Release|x64
		{E7FA58EA-CCF7-4DFE-A3AA-A3CDBA82BD86}.Debug|x64.ActiveCfg = Debug|x64
		{E7FA58EA-CCF7-4DFE-A3AA-A3CDBA82BD86}.Debug|x64.Build.0 = Debug|x64
		{E7FA58EA-CCF7-4DFE-A3AA-A3CDBA82BD86}.Release|x64.ActiveCfg = Release|x64
		{E7FA58EA-CCF7-4DFE-A3AA-A3CDBA82BD86}.Release|x64.Build.0 = Release|x64
	EndGlobalSection
	GlobalSection(SolutionProperties) = preSolution
		HideSolutionNode = FALSE
	EndGlobalSection
	GlobalSection(ExtensibilityGlobals) = postSolution
		SolutionGuid = {E3F8D528-C835-42B3-B9E5-6013BF8BB76D}
	EndGlobalSection
EndGlobal
